// !$*UTF8*$!
{
	archiveVersion = 1;
	classes = {
	};
	objectVersion = 50;
	objects = {

/* Begin PBXBuildFile section */
		DFBBB8BE245BA07C00D3F4B0 /* AppDelegate.swift in Sources */ = {isa = PBXBuildFile; fileRef = DFBBB8BD245BA07C00D3F4B0 /* AppDelegate.swift */; };
		DFBBB8C0245BA07C00D3F4B0 /* SceneDelegate.swift in Sources */ = {isa = PBXBuildFile; fileRef = DFBBB8BF245BA07C00D3F4B0 /* SceneDelegate.swift */; };
		DFBBB8C2245BA07C00D3F4B0 /* ViewController.swift in Sources */ = {isa = PBXBuildFile; fileRef = DFBBB8C1245BA07C00D3F4B0 /* ViewController.swift */; };
		DFBBB8C5245BA07C00D3F4B0 /* Main.storyboard in Resources */ = {isa = PBXBuildFile; fileRef = DFBBB8C3245BA07C00D3F4B0 /* Main.storyboard */; };
		DFBBB8C8245BA07C00D3F4B0 /* iPautas.xcdatamodeld in Sources */ = {isa = PBXBuildFile; fileRef = DFBBB8C6245BA07C00D3F4B0 /* iPautas.xcdatamodeld */; };
		DFBBB8CA245BA08300D3F4B0 /* Assets.xcassets in Resources */ = {isa = PBXBuildFile; fileRef = DFBBB8C9245BA08300D3F4B0 /* Assets.xcassets */; };
		DFBBB8CD245BA08300D3F4B0 /* LaunchScreen.storyboard in Resources */ = {isa = PBXBuildFile; fileRef = DFBBB8CB245BA08300D3F4B0 /* LaunchScreen.storyboard */; };
		DFBBB8D8245BA08400D3F4B0 /* iPautasTests.swift in Sources */ = {isa = PBXBuildFile; fileRef = DFBBB8D7245BA08400D3F4B0 /* iPautasTests.swift */; };
		DFBBB8E3245BA08400D3F4B0 /* iPautasUITests.swift in Sources */ = {isa = PBXBuildFile; fileRef = DFBBB8E2245BA08400D3F4B0 /* iPautasUITests.swift */; };
		DFBBB8F1245BB8E400D3F4B0 /* CadastroUsuarioViewController.swift in Sources */ = {isa = PBXBuildFile; fileRef = DFBBB8F0245BB8E400D3F4B0 /* CadastroUsuarioViewController.swift */; };
		DFBBB8F5245DF74800D3F4B0 /* EsqueciMinhaSenhaViewController.swift in Sources */ = {isa = PBXBuildFile; fileRef = DFBBB8F4245DF74800D3F4B0 /* EsqueciMinhaSenhaViewController.swift */; };
		DFBBB8F7245F2DD500D3F4B0 /* PerfilUsuarioViewController.swift in Sources */ = {isa = PBXBuildFile; fileRef = DFBBB8F6245F2DD500D3F4B0 /* PerfilUsuarioViewController.swift */; };
		DFBBB8F9245F329C00D3F4B0 /* PautasTableViewController.swift in Sources */ = {isa = PBXBuildFile; fileRef = DFBBB8F8245F329C00D3F4B0 /* PautasTableViewController.swift */; };
		DFBBB8FB245F44E600D3F4B0 /* AdicionarPautaViewController.swift in Sources */ = {isa = PBXBuildFile; fileRef = DFBBB8FA245F44E600D3F4B0 /* AdicionarPautaViewController.swift */; };
		DFBBB8FD245F8E0000D3F4B0 /* PautaCelula.swift in Sources */ = {isa = PBXBuildFile; fileRef = DFBBB8FC245F8E0000D3F4B0 /* PautaCelula.swift */; };
/* End PBXBuildFile section */

/* Begin PBXContainerItemProxy section */
		DFBBB8D4245BA08400D3F4B0 /* PBXContainerItemProxy */ = {
			isa = PBXContainerItemProxy;
			containerPortal = DFBBB8B2245BA07C00D3F4B0 /* Project object */;
			proxyType = 1;
			remoteGlobalIDString = DFBBB8B9245BA07C00D3F4B0;
			remoteInfo = iPautas;
		};
		DFBBB8DF245BA08400D3F4B0 /* PBXContainerItemProxy */ = {
			isa = PBXContainerItemProxy;
			containerPortal = DFBBB8B2245BA07C00D3F4B0 /* Project object */;
			proxyType = 1;
			remoteGlobalIDString = DFBBB8B9245BA07C00D3F4B0;
			remoteInfo = iPautas;
		};
/* End PBXContainerItemProxy section */

/* Begin PBXFileReference section */
		DFBBB8BA245BA07C00D3F4B0 /* iPautas.app */ = {isa = PBXFileReference; explicitFileType = wrapper.application; includeInIndex = 0; path = iPautas.app; sourceTree = BUILT_PRODUCTS_DIR; };
		DFBBB8BD245BA07C00D3F4B0 /* AppDelegate.swift */ = {isa = PBXFileReference; lastKnownFileType = sourcecode.swift; path = AppDelegate.swift; sourceTree = "<group>"; };
		DFBBB8BF245BA07C00D3F4B0 /* SceneDelegate.swift */ = {isa = PBXFileReference; lastKnownFileType = sourcecode.swift; path = SceneDelegate.swift; sourceTree = "<group>"; };
		DFBBB8C1245BA07C00D3F4B0 /* ViewController.swift */ = {isa = PBXFileReference; lastKnownFileType = sourcecode.swift; path = ViewController.swift; sourceTree = "<group>"; };
		DFBBB8C4245BA07C00D3F4B0 /* Base */ = {isa = PBXFileReference; lastKnownFileType = file.storyboard; name = Base; path = Base.lproj/Main.storyboard; sourceTree = "<group>"; };
		DFBBB8C7245BA07C00D3F4B0 /* iPautas.xcdatamodel */ = {isa = PBXFileReference; lastKnownFileType = wrapper.xcdatamodel; path = iPautas.xcdatamodel; sourceTree = "<group>"; };
		DFBBB8C9245BA08300D3F4B0 /* Assets.xcassets */ = {isa = PBXFileReference; lastKnownFileType = folder.assetcatalog; path = Assets.xcassets; sourceTree = "<group>"; };
		DFBBB8CC245BA08300D3F4B0 /* Base */ = {isa = PBXFileReference; lastKnownFileType = file.storyboard; name = Base; path = Base.lproj/LaunchScreen.storyboard; sourceTree = "<group>"; };
		DFBBB8CE245BA08300D3F4B0 /* Info.plist */ = {isa = PBXFileReference; lastKnownFileType = text.plist.xml; path = Info.plist; sourceTree = "<group>"; };
		DFBBB8D3245BA08400D3F4B0 /* iPautasTests.xctest */ = {isa = PBXFileReference; explicitFileType = wrapper.cfbundle; includeInIndex = 0; path = iPautasTests.xctest; sourceTree = BUILT_PRODUCTS_DIR; };
		DFBBB8D7245BA08400D3F4B0 /* iPautasTests.swift */ = {isa = PBXFileReference; lastKnownFileType = sourcecode.swift; path = iPautasTests.swift; sourceTree = "<group>"; };
		DFBBB8D9245BA08400D3F4B0 /* Info.plist */ = {isa = PBXFileReference; lastKnownFileType = text.plist.xml; path = Info.plist; sourceTree = "<group>"; };
		DFBBB8DE245BA08400D3F4B0 /* iPautasUITests.xctest */ = {isa = PBXFileReference; explicitFileType = wrapper.cfbundle; includeInIndex = 0; path = iPautasUITests.xctest; sourceTree = BUILT_PRODUCTS_DIR; };
		DFBBB8E2245BA08400D3F4B0 /* iPautasUITests.swift */ = {isa = PBXFileReference; lastKnownFileType = sourcecode.swift; path = iPautasUITests.swift; sourceTree = "<group>"; };
		DFBBB8E4245BA08400D3F4B0 /* Info.plist */ = {isa = PBXFileReference; lastKnownFileType = text.plist.xml; path = Info.plist; sourceTree = "<group>"; };
		DFBBB8F0245BB8E400D3F4B0 /* CadastroUsuarioViewController.swift */ = {isa = PBXFileReference; lastKnownFileType = sourcecode.swift; path = CadastroUsuarioViewController.swift; sourceTree = "<group>"; };
		DFBBB8F4245DF74800D3F4B0 /* EsqueciMinhaSenhaViewController.swift */ = {isa = PBXFileReference; lastKnownFileType = sourcecode.swift; path = EsqueciMinhaSenhaViewController.swift; sourceTree = "<group>"; };
		DFBBB8F6245F2DD500D3F4B0 /* PerfilUsuarioViewController.swift */ = {isa = PBXFileReference; lastKnownFileType = sourcecode.swift; path = PerfilUsuarioViewController.swift; sourceTree = "<group>"; };
		DFBBB8F8245F329C00D3F4B0 /* PautasTableViewController.swift */ = {isa = PBXFileReference; lastKnownFileType = sourcecode.swift; path = PautasTableViewController.swift; sourceTree = "<group>"; };
		DFBBB8FA245F44E600D3F4B0 /* AdicionarPautaViewController.swift */ = {isa = PBXFileReference; lastKnownFileType = sourcecode.swift; path = AdicionarPautaViewController.swift; sourceTree = "<group>"; };
		DFBBB8FC245F8E0000D3F4B0 /* PautaCelula.swift */ = {isa = PBXFileReference; lastKnownFileType = sourcecode.swift; path = PautaCelula.swift; sourceTree = "<group>"; };
/* End PBXFileReference section */

/* Begin PBXFrameworksBuildPhase section */
		DFBBB8B7245BA07C00D3F4B0 /* Frameworks */ = {
			isa = PBXFrameworksBuildPhase;
			buildActionMask = 2147483647;
			files = (
			);
			runOnlyForDeploymentPostprocessing = 0;
		};
		DFBBB8D0245BA08400D3F4B0 /* Frameworks */ = {
			isa = PBXFrameworksBuildPhase;
			buildActionMask = 2147483647;
			files = (
			);
			runOnlyForDeploymentPostprocessing = 0;
		};
		DFBBB8DB245BA08400D3F4B0 /* Frameworks */ = {
			isa = PBXFrameworksBuildPhase;
			buildActionMask = 2147483647;
			files = (
			);
			runOnlyForDeploymentPostprocessing = 0;
		};
/* End PBXFrameworksBuildPhase section */

/* Begin PBXGroup section */
		DFBBB8B1245BA07C00D3F4B0 = {
			isa = PBXGroup;
			children = (
				DFBBB8BC245BA07C00D3F4B0 /* iPautas */,
				DFBBB8D6245BA08400D3F4B0 /* iPautasTests */,
				DFBBB8E1245BA08400D3F4B0 /* iPautasUITests */,
				DFBBB8BB245BA07C00D3F4B0 /* Products */,
			);
			sourceTree = "<group>";
		};
		DFBBB8BB245BA07C00D3F4B0 /* Products */ = {
			isa = PBXGroup;
			children = (
				DFBBB8BA245BA07C00D3F4B0 /* iPautas.app */,
				DFBBB8D3245BA08400D3F4B0 /* iPautasTests.xctest */,
				DFBBB8DE245BA08400D3F4B0 /* iPautasUITests.xctest */,
			);
			name = Products;
			sourceTree = "<group>";
		};
		DFBBB8BC245BA07C00D3F4B0 /* iPautas */ = {
			isa = PBXGroup;
			children = (
				DFBBB8BD245BA07C00D3F4B0 /* AppDelegate.swift */,
				DFBBB8BF245BA07C00D3F4B0 /* SceneDelegate.swift */,
				DFBBB8C1245BA07C00D3F4B0 /* ViewController.swift */,
				DFBBB8F4245DF74800D3F4B0 /* EsqueciMinhaSenhaViewController.swift */,
				DFBBB8F8245F329C00D3F4B0 /* PautasTableViewController.swift */,
				DFBBB8FA245F44E600D3F4B0 /* AdicionarPautaViewController.swift */,
				DFBBB8F6245F2DD500D3F4B0 /* PerfilUsuarioViewController.swift */,
				DFBBB8F0245BB8E400D3F4B0 /* CadastroUsuarioViewController.swift */,
				DFBBB8C3245BA07C00D3F4B0 /* Main.storyboard */,
				DFBBB8C9245BA08300D3F4B0 /* Assets.xcassets */,
				DFBBB8CB245BA08300D3F4B0 /* LaunchScreen.storyboard */,
				DFBBB8CE245BA08300D3F4B0 /* Info.plist */,
				DFBBB8C6245BA07C00D3F4B0 /* iPautas.xcdatamodeld */,
				DFBBB8FC245F8E0000D3F4B0 /* PautaCelula.swift */,
			);
			path = iPautas;
			sourceTree = "<group>";
		};
		DFBBB8D6245BA08400D3F4B0 /* iPautasTests */ = {
			isa = PBXGroup;
			children = (
				DFBBB8D7245BA08400D3F4B0 /* iPautasTests.swift */,
				DFBBB8D9245BA08400D3F4B0 /* Info.plist */,
			);
			path = iPautasTests;
			sourceTree = "<group>";
		};
		DFBBB8E1245BA08400D3F4B0 /* iPautasUITests */ = {
			isa = PBXGroup;
			children = (
				DFBBB8E2245BA08400D3F4B0 /* iPautasUITests.swift */,
				DFBBB8E4245BA08400D3F4B0 /* Info.plist */,
			);
			path = iPautasUITests;
			sourceTree = "<group>";
		};
/* End PBXGroup section */

/* Begin PBXNativeTarget section */
		DFBBB8B9245BA07C00D3F4B0 /* iPautas */ = {
			isa = PBXNativeTarget;
			buildConfigurationList = DFBBB8E7245BA08400D3F4B0 /* Build configuration list for PBXNativeTarget "iPautas" */;
			buildPhases = (
				DFBBB8B6245BA07C00D3F4B0 /* Sources */,
				DFBBB8B7245BA07C00D3F4B0 /* Frameworks */,
				DFBBB8B8245BA07C00D3F4B0 /* Resources */,
			);
			buildRules = (
			);
			dependencies = (
			);
			name = iPautas;
			productName = iPautas;
			productReference = DFBBB8BA245BA07C00D3F4B0 /* iPautas.app */;
			productType = "com.apple.product-type.application";
		};
		DFBBB8D2245BA08400D3F4B0 /* iPautasTests */ = {
			isa = PBXNativeTarget;
			buildConfigurationList = DFBBB8EA245BA08400D3F4B0 /* Build configuration list for PBXNativeTarget "iPautasTests" */;
			buildPhases = (
				DFBBB8CF245BA08400D3F4B0 /* Sources */,
				DFBBB8D0245BA08400D3F4B0 /* Frameworks */,
				DFBBB8D1245BA08400D3F4B0 /* Resources */,
			);
			buildRules = (
			);
			dependencies = (
				DFBBB8D5245BA08400D3F4B0 /* PBXTargetDependency */,
			);
			name = iPautasTests;
			productName = iPautasTests;
			productReference = DFBBB8D3245BA08400D3F4B0 /* iPautasTests.xctest */;
			productType = "com.apple.product-type.bundle.unit-test";
		};
		DFBBB8DD245BA08400D3F4B0 /* iPautasUITests */ = {
			isa = PBXNativeTarget;
			buildConfigurationList = DFBBB8ED245BA08400D3F4B0 /* Build configuration list for PBXNativeTarget "iPautasUITests" */;
			buildPhases = (
				DFBBB8DA245BA08400D3F4B0 /* Sources */,
				DFBBB8DB245BA08400D3F4B0 /* Frameworks */,
				DFBBB8DC245BA08400D3F4B0 /* Resources */,
			);
			buildRules = (
			);
			dependencies = (
				DFBBB8E0245BA08400D3F4B0 /* PBXTargetDependency */,
			);
			name = iPautasUITests;
			productName = iPautasUITests;
			productReference = DFBBB8DE245BA08400D3F4B0 /* iPautasUITests.xctest */;
			productType = "com.apple.product-type.bundle.ui-testing";
		};
/* End PBXNativeTarget section */

/* Begin PBXProject section */
		DFBBB8B2245BA07C00D3F4B0 /* Project object */ = {
			isa = PBXProject;
			attributes = {
				LastSwiftUpdateCheck = 1130;
				LastUpgradeCheck = 1130;
				ORGANIZATIONNAME = "Arleson Silva";
				TargetAttributes = {
					DFBBB8B9245BA07C00D3F4B0 = {
						CreatedOnToolsVersion = 11.3.1;
					};
					DFBBB8D2245BA08400D3F4B0 = {
						CreatedOnToolsVersion = 11.3.1;
						TestTargetID = DFBBB8B9245BA07C00D3F4B0;
					};
					DFBBB8DD245BA08400D3F4B0 = {
						CreatedOnToolsVersion = 11.3.1;
						TestTargetID = DFBBB8B9245BA07C00D3F4B0;
					};
				};
			};
			buildConfigurationList = DFBBB8B5245BA07C00D3F4B0 /* Build configuration list for PBXProject "iPautas" */;
			compatibilityVersion = "Xcode 9.3";
			developmentRegion = en;
			hasScannedForEncodings = 0;
			knownRegions = (
				en,
				Base,
			);
			mainGroup = DFBBB8B1245BA07C00D3F4B0;
			productRefGroup = DFBBB8BB245BA07C00D3F4B0 /* Products */;
			projectDirPath = "";
			projectRoot = "";
			targets = (
				DFBBB8B9245BA07C00D3F4B0 /* iPautas */,
				DFBBB8D2245BA08400D3F4B0 /* iPautasTests */,
				DFBBB8DD245BA08400D3F4B0 /* iPautasUITests */,
			);
		};
/* End PBXProject section */

/* Begin PBXResourcesBuildPhase section */
		DFBBB8B8245BA07C00D3F4B0 /* Resources */ = {
			isa = PBXResourcesBuildPhase;
			buildActionMask = 2147483647;
			files = (
				DFBBB8CD245BA08300D3F4B0 /* LaunchScreen.storyboard in Resources */,
				DFBBB8CA245BA08300D3F4B0 /* Assets.xcassets in Resources */,
				DFBBB8C5245BA07C00D3F4B0 /* Main.storyboard in Resources */,
			);
			runOnlyForDeploymentPostprocessing = 0;
		};
		DFBBB8D1245BA08400D3F4B0 /* Resources */ = {
			isa = PBXResourcesBuildPhase;
			buildActionMask = 2147483647;
			files = (
			);
			runOnlyForDeploymentPostprocessing = 0;
		};
		DFBBB8DC245BA08400D3F4B0 /* Resources */ = {
			isa = PBXResourcesBuildPhase;
			buildActionMask = 2147483647;
			files = (
			);
			runOnlyForDeploymentPostprocessing = 0;
		};
/* End PBXResourcesBuildPhase section */

/* Begin PBXSourcesBuildPhase section */
		DFBBB8B6245BA07C00D3F4B0 /* Sources */ = {
			isa = PBXSourcesBuildPhase;
			buildActionMask = 2147483647;
			files = (
				DFBBB8FB245F44E600D3F4B0 /* AdicionarPautaViewController.swift in Sources */,
				DFBBB8C2245BA07C00D3F4B0 /* ViewController.swift in Sources */,
				DFBBB8F1245BB8E400D3F4B0 /* CadastroUsuarioViewController.swift in Sources */,
				DFBBB8F9245F329C00D3F4B0 /* PautasTableViewController.swift in Sources */,
				DFBBB8BE245BA07C00D3F4B0 /* AppDelegate.swift in Sources */,
				DFBBB8C0245BA07C00D3F4B0 /* SceneDelegate.swift in Sources */,
				DFBBB8C8245BA07C00D3F4B0 /* iPautas.xcdatamodeld in Sources */,
				DFBBB8F5245DF74800D3F4B0 /* EsqueciMinhaSenhaViewController.swift in Sources */,
				DFBBB8F7245F2DD500D3F4B0 /* PerfilUsuarioViewController.swift in Sources */,
				DFBBB8FD245F8E0000D3F4B0 /* PautaCelula.swift in Sources */,
			);
			runOnlyForDeploymentPostprocessing = 0;
		};
		DFBBB8CF245BA08400D3F4B0 /* Sources */ = {
			isa = PBXSourcesBuildPhase;
			buildActionMask = 2147483647;
			files = (
				DFBBB8D8245BA08400D3F4B0 /* iPautasTests.swift in Sources */,
			);
			runOnlyForDeploymentPostprocessing = 0;
		};
		DFBBB8DA245BA08400D3F4B0 /* Sources */ = {
			isa = PBXSourcesBuildPhase;
			buildActionMask = 2147483647;
			files = (
				DFBBB8E3245BA08400D3F4B0 /* iPautasUITests.swift in Sources */,
			);
			runOnlyForDeploymentPostprocessing = 0;
		};
/* End PBXSourcesBuildPhase section */

/* Begin PBXTargetDependency section */
		DFBBB8D5245BA08400D3F4B0 /* PBXTargetDependency */ = {
			isa = PBXTargetDependency;
			target = DFBBB8B9245BA07C00D3F4B0 /* iPautas */;
			targetProxy = DFBBB8D4245BA08400D3F4B0 /* PBXContainerItemProxy */;
		};
		DFBBB8E0245BA08400D3F4B0 /* PBXTargetDependency */ = {
			isa = PBXTargetDependency;
			target = DFBBB8B9245BA07C00D3F4B0 /* iPautas */;
			targetProxy = DFBBB8DF245BA08400D3F4B0 /* PBXContainerItemProxy */;
		};
/* End PBXTargetDependency section */

/* Begin PBXVariantGroup section */
		DFBBB8C3245BA07C00D3F4B0 /* Main.storyboard */ = {
			isa = PBXVariantGroup;
			children = (
				DFBBB8C4245BA07C00D3F4B0 /* Base */,
			);
			name = Main.storyboard;
			sourceTree = "<group>";
		};
		DFBBB8CB245BA08300D3F4B0 /* LaunchScreen.storyboard */ = {
			isa = PBXVariantGroup;
			children = (
				DFBBB8CC245BA08300D3F4B0 /* Base */,
			);
			name = LaunchScreen.storyboard;
			sourceTree = "<group>";
		};
/* End PBXVariantGroup section */

/* Begin XCBuildConfiguration section */
		DFBBB8E5245BA08400D3F4B0 /* Debug */ = {
			isa = XCBuildConfiguration;
			buildSettings = {
				ALWAYS_SEARCH_USER_PATHS = NO;
				CLANG_ANALYZER_NONNULL = YES;
				CLANG_ANALYZER_NUMBER_OBJECT_CONVERSION = YES_AGGRESSIVE;
				CLANG_CXX_LANGUAGE_STANDARD = "gnu++14";
				CLANG_CXX_LIBRARY = "libc++";
				CLANG_ENABLE_MODULES = YES;
				CLANG_ENABLE_OBJC_ARC = YES;
				CLANG_ENABLE_OBJC_WEAK = YES;
				CLANG_WARN_BLOCK_CAPTURE_AUTORELEASING = YES;
				CLANG_WARN_BOOL_CONVERSION = YES;
				CLANG_WARN_COMMA = YES;
				CLANG_WARN_CONSTANT_CONVERSION = YES;
				CLANG_WARN_DEPRECATED_OBJC_IMPLEMENTATIONS = YES;
				CLANG_WARN_DIRECT_OBJC_ISA_USAGE = YES_ERROR;
				CLANG_WARN_DOCUMENTATION_COMMENTS = YES;
				CLANG_WARN_EMPTY_BODY = YES;
				CLANG_WARN_ENUM_CONVERSION = YES;
				CLANG_WARN_INFINITE_RECURSION = YES;
				CLANG_WARN_INT_CONVERSION = YES;
				CLANG_WARN_NON_LITERAL_NULL_CONVERSION = YES;
				CLANG_WARN_OBJC_IMPLICIT_RETAIN_SELF = YES;
				CLANG_WARN_OBJC_LITERAL_CONVERSION = YES;
				CLANG_WARN_OBJC_ROOT_CLASS = YES_ERROR;
				CLANG_WARN_RANGE_LOOP_ANALYSIS = YES;
				CLANG_WARN_STRICT_PROTOTYPES = YES;
				CLANG_WARN_SUSPICIOUS_MOVE = YES;
				CLANG_WARN_UNGUARDED_AVAILABILITY = YES_AGGRESSIVE;
				CLANG_WARN_UNREACHABLE_CODE = YES;
				CLANG_WARN__DUPLICATE_METHOD_MATCH = YES;
				COPY_PHASE_STRIP = NO;
				DEBUG_INFORMATION_FORMAT = dwarf;
				ENABLE_STRICT_OBJC_MSGSEND = YES;
				ENABLE_TESTABILITY = YES;
				GCC_C_LANGUAGE_STANDARD = gnu11;
				GCC_DYNAMIC_NO_PIC = NO;
				GCC_NO_COMMON_BLOCKS = YES;
				GCC_OPTIMIZATION_LEVEL = 0;
				GCC_PREPROCESSOR_DEFINITIONS = (
					"DEBUG=1",
					"$(inherited)",
				);
				GCC_WARN_64_TO_32_BIT_CONVERSION = YES;
				GCC_WARN_ABOUT_RETURN_TYPE = YES_ERROR;
				GCC_WARN_UNDECLARED_SELECTOR = YES;
				GCC_WARN_UNINITIALIZED_AUTOS = YES_AGGRESSIVE;
				GCC_WARN_UNUSED_FUNCTION = YES;
				GCC_WARN_UNUSED_VARIABLE = YES;
				IPHONEOS_DEPLOYMENT_TARGET = 13.2;
				MTL_ENABLE_DEBUG_INFO = INCLUDE_SOURCE;
				MTL_FAST_MATH = YES;
				ONLY_ACTIVE_ARCH = YES;
				SDKROOT = iphoneos;
				SWIFT_ACTIVE_COMPILATION_CONDITIONS = DEBUG;
				SWIFT_OPTIMIZATION_LEVEL = "-Onone";
			};
			name = Debug;
		};
		DFBBB8E6245BA08400D3F4B0 /* Release */ = {
			isa = XCBuildConfiguration;
			buildSettings = {
				ALWAYS_SEARCH_USER_PATHS = NO;
				CLANG_ANALYZER_NONNULL = YES;
				CLANG_ANALYZER_NUMBER_OBJECT_CONVERSION = YES_AGGRESSIVE;
				CLANG_CXX_LANGUAGE_STANDARD = "gnu++14";
				CLANG_CXX_LIBRARY = "libc++";
				CLANG_ENABLE_MODULES = YES;
				CLANG_ENABLE_OBJC_ARC = YES;
				CLANG_ENABLE_OBJC_WEAK = YES;
				CLANG_WARN_BLOCK_CAPTURE_AUTORELEASING = YES;
				CLANG_WARN_BOOL_CONVERSION = YES;
				CLANG_WARN_COMMA = YES;
				CLANG_WARN_CONSTANT_CONVERSION = YES;
				CLANG_WARN_DEPRECATED_OBJC_IMPLEMENTATIONS = YES;
				CLANG_WARN_DIRECT_OBJC_ISA_USAGE = YES_ERROR;
				CLANG_WARN_DOCUMENTATION_COMMENTS = YES;
				CLANG_WARN_EMPTY_BODY = YES;
				CLANG_WARN_ENUM_CONVERSION = YES;
				CLANG_WARN_INFINITE_RECURSION = YES;
				CLANG_WARN_INT_CONVERSION = YES;
				CLANG_WARN_NON_LITERAL_NULL_CONVERSION = YES;
				CLANG_WARN_OBJC_IMPLICIT_RETAIN_SELF = YES;
				CLANG_WARN_OBJC_LITERAL_CONVERSION = YES;
				CLANG_WARN_OBJC_ROOT_CLASS = YES_ERROR;
				CLANG_WARN_RANGE_LOOP_ANALYSIS = YES;
				CLANG_WARN_STRICT_PROTOTYPES = YES;
				CLANG_WARN_SUSPICIOUS_MOVE = YES;
				CLANG_WARN_UNGUARDED_AVAILABILITY = YES_AGGRESSIVE;
				CLANG_WARN_UNREACHABLE_CODE = YES;
				CLANG_WARN__DUPLICATE_METHOD_MATCH = YES;
				COPY_PHASE_STRIP = NO;
				DEBUG_INFORMATION_FORMAT = "dwarf-with-dsym";
				ENABLE_NS_ASSERTIONS = NO;
				ENABLE_STRICT_OBJC_MSGSEND = YES;
				GCC_C_LANGUAGE_STANDARD = gnu11;
				GCC_NO_COMMON_BLOCKS = YES;
				GCC_WARN_64_TO_32_BIT_CONVERSION = YES;
				GCC_WARN_ABOUT_RETURN_TYPE = YES_ERROR;
				GCC_WARN_UNDECLARED_SELECTOR = YES;
				GCC_WARN_UNINITIALIZED_AUTOS = YES_AGGRESSIVE;
				GCC_WARN_UNUSED_FUNCTION = YES;
				GCC_WARN_UNUSED_VARIABLE = YES;
				IPHONEOS_DEPLOYMENT_TARGET = 13.2;
				MTL_ENABLE_DEBUG_INFO = NO;
				MTL_FAST_MATH = YES;
				SDKROOT = iphoneos;
				SWIFT_COMPILATION_MODE = wholemodule;
				SWIFT_OPTIMIZATION_LEVEL = "-O";
				VALIDATE_PRODUCT = YES;
			};
			name = Release;
		};
		DFBBB8E8245BA08400D3F4B0 /* Debug */ = {
			isa = XCBuildConfiguration;
			buildSettings = {
				ASSETCATALOG_COMPILER_APPICON_NAME = "AppIcon-1";
				CODE_SIGN_STYLE = Automatic;
				DEVELOPMENT_TEAM = 4Z82LFNB7S;
				INFOPLIST_FILE = iPautas/Info.plist;
				LD_RUNPATH_SEARCH_PATHS = (
					"$(inherited)",
					"@executable_path/Frameworks",
				);
				PRODUCT_BUNDLE_IDENTIFIER = arlesonsilva.iPautas;
				PRODUCT_NAME = "$(TARGET_NAME)";
				SWIFT_VERSION = 5.0;
				TARGETED_DEVICE_FAMILY = "1,2";
			};
			name = Debug;
		};
		DFBBB8E9245BA08400D3F4B0 /* Release */ = {
			isa = XCBuildConfiguration;
			buildSettings = {
				ASSETCATALOG_COMPILER_APPICON_NAME = "AppIcon-1";
				CODE_SIGN_STYLE = Automatic;
				DEVELOPMENT_TEAM = 4Z82LFNB7S;
				INFOPLIST_FILE = iPautas/Info.plist;
				LD_RUNPATH_SEARCH_PATHS = (
					"$(inherited)",
					"@executable_path/Frameworks",
				);
				PRODUCT_BUNDLE_IDENTIFIER = arlesonsilva.iPautas;
				PRODUCT_NAME = "$(TARGET_NAME)";
				SWIFT_VERSION = 5.0;
				TARGETED_DEVICE_FAMILY = "1,2";
			};
			name = Release;
		};
		DFBBB8EB245BA08400D3F4B0 /* Debug */ = {
			isa = XCBuildConfiguration;
			buildSettings = {
				ALWAYS_EMBED_SWIFT_STANDARD_LIBRARIES = YES;
				BUNDLE_LOADER = "$(TEST_HOST)";
				CODE_SIGN_STYLE = Automatic;
				DEVELOPMENT_TEAM = 4Z82LFNB7S;
				INFOPLIST_FILE = iPautasTests/Info.plist;
				IPHONEOS_DEPLOYMENT_TARGET = 13.2;
				LD_RUNPATH_SEARCH_PATHS = (
					"$(inherited)",
					"@executable_path/Frameworks",
					"@loader_path/Frameworks",
				);
				PRODUCT_BUNDLE_IDENTIFIER = arlesonsilva.iPautasTests;
				PRODUCT_NAME = "$(TARGET_NAME)";
				SWIFT_VERSION = 5.0;
				TARGETED_DEVICE_FAMILY = "1,2";
				TEST_HOST = "$(BUILT_PRODUCTS_DIR)/iPautas.app/iPautas";
			};
			name = Debug;
		};
		DFBBB8EC245BA08400D3F4B0 /* Release */ = {
			isa = XCBuildConfiguration;
			buildSettings = {
				ALWAYS_EMBED_SWIFT_STANDARD_LIBRARIES = YES;
				BUNDLE_LOADER = "$(TEST_HOST)";
				CODE_SIGN_STYLE = Automatic;
				DEVELOPMENT_TEAM = 4Z82LFNB7S;
				INFOPLIST_FILE = iPautasTests/Info.plist;
				IPHONEOS_DEPLOYMENT_TARGET = 13.2;
				LD_RUNPATH_SEARCH_PATHS = (
					"$(inherited)",
					"@executable_path/Frameworks",
					"@loader_path/Frameworks",
				);
				PRODUCT_BUNDLE_IDENTIFIER = arlesonsilva.iPautasTests;
				PRODUCT_NAME = "$(TARGET_NAME)";
				SWIFT_VERSION = 5.0;
				TARGETED_DEVICE_FAMILY = "1,2";
				TEST_HOST = "$(BUILT_PRODUCTS_DIR)/iPautas.app/iPautas";
			};
			name = Release;
		};
		DFBBB8EE245BA08400D3F4B0 /* Debug */ = {
			isa = XCBuildConfiguration;
			buildSettings = {
				ALWAYS_EMBED_SWIFT_STANDARD_LIBRARIES = YES;
				CODE_SIGN_STYLE = Automatic;
				DEVELOPMENT_TEAM = 4Z82LFNB7S;
				INFOPLIST_FILE = iPautasUITests/Info.plist;
				LD_RUNPATH_SEARCH_PATHS = (
					"$(inherited)",
					"@executable_path/Frameworks",
					"@loader_path/Frameworks",
				);
				PRODUCT_BUNDLE_IDENTIFIER = arlesonsilva.iPautasUITests;
				PRODUCT_NAME = "$(TARGET_NAME)";
				SWIFT_VERSION = 5.0;
				TARGETED_DEVICE_FAMILY = "1,2";
				TEST_TARGET_NAME = iPautas;
			};
			name = Debug;
		};
		DFBBB8EF245BA08400D3F4B0 /* Release */ = {
			isa = XCBuildConfiguration;
			buildSettings = {
				ALWAYS_EMBED_SWIFT_STANDARD_LIBRARIES = YES;
				CODE_SIGN_STYLE = Automatic;
				DEVELOPMENT_TEAM = 4Z82LFNB7S;
				INFOPLIST_FILE = iPautasUITests/Info.plist;
				LD_RUNPATH_SEARCH_PATHS = (
					"$(inherited)",
					"@executable_path/Frameworks",
					"@loader_path/Frameworks",
				);
				PRODUCT_BUNDLE_IDENTIFIER = arlesonsilva.iPautasUITests;
				PRODUCT_NAME = "$(TARGET_NAME)";
				SWIFT_VERSION = 5.0;
				TARGETED_DEVICE_FAMILY = "1,2";
				TEST_TARGET_NAME = iPautas;
			};
			name = Release;
		};
/* End XCBuildConfiguration section */

/* Begin XCConfigurationList section */
		DFBBB8B5245BA07C00D3F4B0 /* Build configuration list for PBXProject "iPautas" */ = {
			isa = XCConfigurationList;
			buildConfigurations = (
				DFBBB8E5245BA08400D3F4B0 /* Debug */,
				DFBBB8E6245BA08400D3F4B0 /* Release */,
			);
			defaultConfigurationIsVisible = 0;
			defaultConfigurationName = Release;
		};
		DFBBB8E7245BA08400D3F4B0 /* Build configuration list for PBXNativeTarget "iPautas" */ = {
			isa = XCConfigurationList;
			buildConfigurations = (
				DFBBB8E8245BA08400D3F4B0 /* Debug */,
				DFBBB8E9245BA08400D3F4B0 /* Release */,
			);
			defaultConfigurationIsVisible = 0;
			defaultConfigurationName = Release;
		};
		DFBBB8EA245BA08400D3F4B0 /* Build configuration list for PBXNativeTarget "iPautasTests" */ = {
			isa = XCConfigurationList;
			buildConfigurations = (
				DFBBB8EB245BA08400D3F4B0 /* Debug */,
				DFBBB8EC245BA08400D3F4B0 /* Release */,
			);
			defaultConfigurationIsVisible = 0;
			defaultConfigurationName = Release;
		};
		DFBBB8ED245BA08400D3F4B0 /* Build configuration list for PBXNativeTarget "iPautasUITests" */ = {
			isa = XCConfigurationList;
			buildConfigurations = (
				DFBBB8EE245BA08400D3F4B0 /* Debug */,
				DFBBB8EF245BA08400D3F4B0 /* Release */,
			);
			defaultConfigurationIsVisible = 0;
			defaultConfigurationName = Release;
		};
/* End XCConfigurationList section */

/* Begin XCVersionGroup section */
		DFBBB8C6245BA07C00D3F4B0 /* iPautas.xcdatamodeld */ = {
			isa = XCVersionGroup;
			children = (
				DFBBB8C7245BA07C00D3F4B0 /* iPautas.xcdatamodel */,
			);
			currentVersion = DFBBB8C7245BA07C00D3F4B0 /* iPautas.xcdatamodel */;
			path = iPautas.xcdatamodeld;
			sourceTree = "<group>";
			versionGroupType = wrapper.xcdatamodel;
		};
/* End XCVersionGroup section */
	};
	rootObject = DFBBB8B2245BA07C00D3F4B0 /* Project object */;
}
